Microsoft Visual Studio Solution File, Format Version 12.00
Project("{FAE04EC0-301F-11D3-BF4B-00C04F79EFBC}") = "todo-serverless", "src\\ToDoApi\\todo-serverless.csproj", "{78C61ADE-3ED2-4A10-B4B9-B99FA92B977F}"
EndProject
Global
	GlobalSection(SolutionConfigurationPlatforms) = preSolution
		Debug|Any CPU = Debug|Any CPU
		Release|Any CPU = Release|Any CPU
	EndGlobalSection
	GlobalSection(ProjectConfigurationPlatforms) = postSolution
		{78C61ADE-3ED2-4A10-B4B9-B99FA92B977F}.Debug|Any CPU.ActiveCfg = Debug|Any CPU
		{78C61ADE-3ED2-4A10-B4B9-B99FA92B977F}.Debug|Any CPU.Build.0 = Debug|Any CPU
		{78C61ADE-3ED2-4A10-B4B9-B99FA92B977F}.Release|Any CPU.ActiveCfg = Release|Any CPU
		{78C61ADE-3ED2-4A10-B4B9-B99FA92B977F}.Release|Any CPU.Build.0 = Release|Any CPU
	EndGlobalSection
EndGlobal
